
Microsoft Visual Studio Solution File, Format Version 12.00
# Visual Studio Version 17
VisualStudioVersion = 17.6.33723.286
MinimumVisualStudioVersion = 10.0.40219.1
Project("{FAE04EC0-301F-11D3-BF4B-00C04F79EFBC}") = "plakplakproekt", "plakplakproekt\plakplakproekt.csproj", "{11DE8201-D33E-41F9-BEF4-95EE4BBDF118}"
EndProject
Global
	GlobalSection(SolutionConfigurationPlatforms) = preSolution
		Debug|Any CPU = Debug|Any CPU
		Release|Any CPU = Release|Any CPU
	EndGlobalSection
	GlobalSection(ProjectConfigurationPlatforms) = postSolution
		{11DE8201-D33E-41F9-BEF4-95EE4BBDF118}.Debug|Any CPU.ActiveCfg = Debug|Any CPU
		{11DE8201-D33E-41F9-BEF4-95EE4BBDF118}.Debug|Any CPU.Build.0 = Debug|Any CPU
		{11DE8201-D33E-41F9-BEF4-95EE4BBDF118}.Release|Any CPU.ActiveCfg = Release|Any CPU
		{11DE8201-D33E-41F9-BEF4-95EE4BBDF118}.Release|Any CPU.Build.0 = Release|Any CPU
	EndGlobalSection
	GlobalSection(SolutionProperties) = preSolution
		HideSolutionNode = FALSE
	EndGlobalSection
	GlobalSection(ExtensibilityGlobals) = postSolution
		SolutionGuid = {1143C8B2-503D-48FE-8C3B-C6FE0B47C486}
	EndGlobalSection
EndGlobal
